
Microsoft Visual Studio Solution File, Format Version 9.00
# Visual Studio 2005
Project("{FAE04EC0-301F-11D3-BF4B-00C04F79EFBC}") = "Auroterm", "Auroterm\Auroterm.csproj", "{85C14BD2-326A-4122-82D2-A9CC8AB7A838}"
EndProject
Global
	GlobalSection(SolutionConfigurationPlatforms) = preSolution
		Debug|Any CPU = Debug|Any CPU
		Release|Any CPU = Release|Any CPU
	EndGlobalSection
	GlobalSection(ProjectConfigurationPlatforms) = postSolution
		{85C14BD2-326A-4122-82D2-A9CC8AB7A838}.Debug|Any CPU.ActiveCfg = Debug|Any CPU
		{85C14BD2-326A-4122-82D2-A9CC8AB7A838}.Debug|Any CPU.Build.0 = Debug|Any CPU
		{85C14BD2-326A-4122-82D2-A9CC8AB7A838}.Release|Any CPU.ActiveCfg = Release|Any CPU
		{85C14BD2-326A-4122-82D2-A9CC8AB7A838}.Release|Any CPU.Build.0 = Release|Any CPU
	EndGlobalSection
	GlobalSection(SolutionProperties) = preSolution
		HideSolutionNode = FALSE
	EndGlobalSection
EndGlobal
